<?xml version="1.0" encoding="utf-8"?>
<Project ToolsVersion="4.0" xmlns="http://schemas.microsoft.com/developer/msbuild/2003">
  <ItemGroup>
    <Filter Include="Assets">
      <UniqueIdentifier>d3add5e6-6c7c-4d19-98d4-d99ce8eaedc4</UniqueIdentifier>
      <Extensions>ico;cur;bmp;dds;dlg;fbx;rct;bin;rgs;gif;jpg;jpeg;jpe;resx;tga;tiff;tif;png;wav;mfcribbon-ms</Extensions>
    </Filter>
    <Filter Include="Assets\FBX">
      <UniqueIdentifier>{d4733f9d-e806-476d-8e8b-dd1257dce3b4}</UniqueIdentifier>
    </Filter>
    <Filter Include="Classes">
      <UniqueIdentifier>{94191aac-e847-4807-b698-d301454d2ed9}</UniqueIdentifier>
    </Filter>
    <Filter Include="Classes\Framework">
      <UniqueIdentifier>{da0f3afd-346b-4e1e-98bd-630dbe2a0813}</UniqueIdentifier>
    </Filter>
    <Filter Include="Classes\Scenes">
      <UniqueIdentifier>{c1f53c5f-7d45-4a30-8a82-9294bac2ab9d}</UniqueIdentifier>
    </Filter>
    <Filter Include="Classes\Particle">
      <UniqueIdentifier>{90ee135a-2d56-43a0-bf78-0593e9b6b1b5}</UniqueIdentifier>
    </Filter>
    <Filter Include="Assets\FBX\Player">
      <UniqueIdentifier>{9205eefc-e51c-424c-89bb-ca510223f333}</UniqueIdentifier>
    </Filter>
    <Filter Include="Assets\Shader">
      <UniqueIdentifier>{6ee51aca-8a97-4d50-8b18-226e427ada8f}</UniqueIdentifier>
    </Filter>
    <Filter Include="Classes\LandShape">
      <UniqueIdentifier>{77583592-a8be-4a14-8dd7-da3b896961ee}</UniqueIdentifier>
    </Filter>
    <Filter Include="Classes\Collision">
      <UniqueIdentifier>{dd494b4c-d759-4934-8890-203d8ff9928e}</UniqueIdentifier>
    </Filter>
    <Filter Include="Classes\ADX2">
      <UniqueIdentifier>{cd91ed0f-540c-487d-9cd8-d3cdb132c6f1}</UniqueIdentifier>
    </Filter>
    <Filter Include="Classes\Composite">
      <UniqueIdentifier>{494c3023-ef1c-40b5-9991-84203c5a8df8}</UniqueIdentifier>
    </Filter>
    <Filter Include="Classes\Factory">
      <UniqueIdentifier>{50efea40-ab34-45ba-979c-d72f92dcff18}</UniqueIdentifier>
    </Filter>
    <Filter Include="Classes\State">
      <UniqueIdentifier>{1b15056b-4424-42f2-bca2-610b383a80b3}</UniqueIdentifier>
    </Filter>
    <Filter Include="Classes\Objects">
      <UniqueIdentifier>{cdfc33b7-81be-4bee-bd9f-a9ec482b24b1}</UniqueIdentifier>
    </Filter>
    <Filter Include="Classes\Objects\Character">
      <UniqueIdentifier>{bd25c737-c413-4415-80ca-354501abe23c}</UniqueIdentifier>
    </Filter>
    <Filter Include="Classes\Objects\Sword">
      <UniqueIdentifier>{a9bc947b-1a76-4f2b-8d05-1746f316ca54}</UniqueIdentifier>
    </Filter>
    <Filter Include="Classes\Objects\Character\Player">
      <UniqueIdentifier>{38f497e2-aab1-45d3-8c54-4a58919d61d4}</UniqueIdentifier>
    </Filter>
    <Filter Include="Classes\Objects\Character\Enemy">
      <UniqueIdentifier>{ab453de4-8170-4725-8cc1-27ff9ca1a01b}</UniqueIdentifier>
    </Filter>
    <Filter Include="Classes\Objects\Character\Player\PlayerParts">
      <UniqueIdentifier>{967b02ba-28a1-4ac1-a09b-031e1948be10}</UniqueIdentifier>
    </Filter>
    <Filter Include="Classes\Camera">
      <UniqueIdentifier>{13af2e3c-c6bd-4c6e-b671-5f7c8c03de54}</UniqueIdentifier>
    </Filter>
  </ItemGroup>
  <ItemGroup>
    <ResourceCompile Include="resource.rc" />
  </ItemGroup>
  <ItemGroup>
    <Image Include="directx.ico">
      <Filter>Assets</Filter>
    </Image>
  </ItemGroup>
  <ItemGroup>
    <Manifest Include="settings.manifest">
      <Filter>Assets</Filter>
    </Manifest>
  </ItemGroup>
  <ItemGroup>
    <ClCompile Include="Classes\Framework\Game.cpp">
      <Filter>Classes\Framework</Filter>
    </ClCompile>
    <ClCompile Include="Classes\Framework\Main.cpp">
      <Filter>Classes\Framework</Filter>
    </ClCompile>
    <ClCompile Include="Classes\Framework\MyGame.cpp">
      <Filter>Classes\Framework</Filter>
    </ClCompile>
    <ClCompile Include="Classes\Framework\Window.cpp">
      <Filter>Classes\Framework</Filter>
    </ClCompile>
    <ClCompile Include="Classes\Scenes\PlayScene.cpp">
      <Filter>Classes\Scenes</Filter>
    </ClCompile>
    <ClCompile Include="Classes\Scenes\SceneManager.cpp">
      <Filter>Classes\Scenes</Filter>
    </ClCompile>
    <ClCompile Include="Classes\Particle\ParticleEffect.cpp">
      <Filter>Classes\Particle</Filter>
    </ClCompile>
    <ClCompile Include="Classes\Particle\ParticleEffectManager.cpp">
      <Filter>Classes\Particle</Filter>
    </ClCompile>
    <ClCompile Include="Classes\Particle\ParticleFactory.cpp">
      <Filter>Classes\Particle</Filter>
    </ClCompile>
    <ClCompile Include="Classes\Scenes\TitleScene.cpp">
      <Filter>Classes\Scenes</Filter>
    </ClCompile>
    <ClCompile Include="Classes\LandShape\LandShape.cpp">
      <Filter>Classes\LandShape</Filter>
    </ClCompile>
    <ClCompile Include="Classes\LandShape\LandShapeData.cpp">
      <Filter>Classes\LandShape</Filter>
    </ClCompile>
    <ClCompile Include="Classes\Collision\Collision.cpp">
      <Filter>Classes\Collision</Filter>
    </ClCompile>
    <ClCompile Include="Classes\Collision\CollisionNode.cpp">
      <Filter>Classes\Collision</Filter>
    </ClCompile>
    <ClCompile Include="Classes\ADX2\ADX2Le.cpp">
      <Filter>Classes\ADX2</Filter>
    </ClCompile>
    <ClCompile Include="Classes\Composite\CompositeVisitor.cpp">
      <Filter>Classes\Composite</Filter>
    </ClCompile>
    <ClCompile Include="Classes\Objects\Character\Character.cpp">
      <Filter>Classes\Objects\Character</Filter>
    </ClCompile>
    <ClCompile Include="Classes\Objects\Character\Enemy\Enemy.cpp">
      <Filter>Classes\Objects\Character\Enemy</Filter>
    </ClCompile>
    <ClCompile Include="Classes\Objects\Character\Enemy\WeakEnemy.cpp">
      <Filter>Classes\Objects\Character\Enemy</Filter>
    </ClCompile>
    <ClCompile Include="Classes\Objects\Sword\Sword.cpp">
      <Filter>Classes\Objects\Sword</Filter>
    </ClCompile>
    <ClCompile Include="Classes\Objects\Character\Player\Player.cpp">
      <Filter>Classes\Objects\Character\Player</Filter>
    </ClCompile>
    <ClCompile Include="Classes\State\AttackingState.cpp">
      <Filter>Classes\State</Filter>
    </ClCompile>
    <ClCompile Include="Classes\State\StandingState.cpp">
      <Filter>Classes\State</Filter>
    </ClCompile>
    <ClCompile Include="Classes\Objects\Character\Player\PlayerParts\PlayerBody.cpp">
      <Filter>Classes\Objects\Character\Player\PlayerParts</Filter>
    </ClCompile>
    <ClCompile Include="Classes\Objects\Character\Player\PlayerParts\PlayerHead.cpp">
      <Filter>Classes\Objects\Character\Player\PlayerParts</Filter>
    </ClCompile>
    <ClCompile Include="Classes\Objects\Character\Player\PlayerParts\PlayerLeftCalf.cpp">
      <Filter>Classes\Objects\Character\Player\PlayerParts</Filter>
    </ClCompile>
    <ClCompile Include="Classes\Objects\Character\Player\PlayerParts\PlayerLeftFoot.cpp">
      <Filter>Classes\Objects\Character\Player\PlayerParts</Filter>
    </ClCompile>
    <ClCompile Include="Classes\Objects\Character\Player\PlayerParts\PlayerLeftForeArm.cpp">
      <Filter>Classes\Objects\Character\Player\PlayerParts</Filter>
    </ClCompile>
    <ClCompile Include="Classes\Objects\Character\Player\PlayerParts\PlayerLeftHand.cpp">
      <Filter>Classes\Objects\Character\Player\PlayerParts</Filter>
    </ClCompile>
    <ClCompile Include="Classes\Objects\Character\Player\PlayerParts\PlayerLeftThigh.cpp">
      <Filter>Classes\Objects\Character\Player\PlayerParts</Filter>
    </ClCompile>
    <ClCompile Include="Classes\Objects\Character\Player\PlayerParts\PlayerLeftUpperArm.cpp">
      <Filter>Classes\Objects\Character\Player\PlayerParts</Filter>
    </ClCompile>
    <ClCompile Include="Classes\Objects\Character\Player\PlayerParts\PlayerRightCalf.cpp">
      <Filter>Classes\Objects\Character\Player\PlayerParts</Filter>
    </ClCompile>
    <ClCompile Include="Classes\Objects\Character\Player\PlayerParts\PlayerRightFoot.cpp">
      <Filter>Classes\Objects\Character\Player\PlayerParts</Filter>
    </ClCompile>
    <ClCompile Include="Classes\Objects\Character\Player\PlayerParts\PlayerRightForeArm.cpp">
      <Filter>Classes\Objects\Character\Player\PlayerParts</Filter>
    </ClCompile>
    <ClCompile Include="Classes\Objects\Character\Player\PlayerParts\PlayerRightHand.cpp">
      <Filter>Classes\Objects\Character\Player\PlayerParts</Filter>
    </ClCompile>
    <ClCompile Include="Classes\Objects\Character\Player\PlayerParts\PlayerRightThigh.cpp">
      <Filter>Classes\Objects\Character\Player\PlayerParts</Filter>
    </ClCompile>
    <ClCompile Include="Classes\Objects\Character\Player\PlayerParts\PlayerRightUpperArm.cpp">
      <Filter>Classes\Objects\Character\Player\PlayerParts</Filter>
    </ClCompile>
    <ClCompile Include="Classes\Factory\PlayerPartsFactory.cpp">
      <Filter>Classes\Factory</Filter>
    </ClCompile>
    <ClCompile Include="Classes\Factory\EnemyFactory.cpp">
      <Filter>Classes\Factory</Filter>
    </ClCompile>
    <ClCompile Include="Classes\Camera\FollowCamera.cpp">
      <Filter>Classes\Camera</Filter>
    </ClCompile>
  </ItemGroup>
  <ItemGroup>
    <ClInclude Include="Classes\Framework\Game.h">
      <Filter>Classes\Framework</Filter>
    </ClInclude>
    <ClInclude Include="Classes\Framework\MyGame.h">
      <Filter>Classes\Framework</Filter>
    </ClInclude>
    <ClInclude Include="Classes\Framework\Window.h">
      <Filter>Classes\Framework</Filter>
    </ClInclude>
    <ClInclude Include="Classes\Scenes\BaseScene.h">
      <Filter>Classes\Scenes</Filter>
    </ClInclude>
    <ClInclude Include="Classes\Scenes\PlayScene.h">
      <Filter>Classes\Scenes</Filter>
    </ClInclude>
    <ClInclude Include="Classes\Scenes\SceneManager.h">
      <Filter>Classes\Scenes</Filter>
    </ClInclude>
    <ClInclude Include="Classes\Particle\ParticleEffect.h">
      <Filter>Classes\Particle</Filter>
    </ClInclude>
    <ClInclude Include="Classes\Particle\ParticleEffectManager.h">
      <Filter>Classes\Particle</Filter>
    </ClInclude>
    <ClInclude Include="Classes\Particle\ParticleFactory.h">
      <Filter>Classes\Particle</Filter>
    </ClInclude>
    <ClInclude Include="Classes\Scenes\TitleScene.h">
      <Filter>Classes\Scenes</Filter>
    </ClInclude>
    <ClInclude Include="Classes\LandShape\LandShape.h">
      <Filter>Classes\LandShape</Filter>
    </ClInclude>
    <ClInclude Include="Classes\LandShape\LandShapeData.h">
      <Filter>Classes\LandShape</Filter>
    </ClInclude>
    <ClInclude Include="Classes\Collision\Collision.h">
      <Filter>Classes\Collision</Filter>
    </ClInclude>
    <ClInclude Include="Classes\Collision\CollisionNode.h">
      <Filter>Classes\Collision</Filter>
    </ClInclude>
    <ClInclude Include="Classes\ADX2\ADX2Le.h">
      <Filter>Classes\ADX2</Filter>
    </ClInclude>
    <ClInclude Include="Classes\ADX2\PlayerSE.h">
      <Filter>Classes\ADX2</Filter>
    </ClInclude>
    <ClInclude Include="Classes\Composite\CompositeVisitor.h">
      <Filter>Classes\Composite</Filter>
    </ClInclude>
    <ClInclude Include="Classes\Objects\Character\Character.h">
      <Filter>Classes\Objects\Character</Filter>
    </ClInclude>
    <ClInclude Include="Classes\Objects\Character\Enemy\Enemy.h">
      <Filter>Classes\Objects\Character\Enemy</Filter>
    </ClInclude>
    <ClInclude Include="Classes\Objects\Character\Enemy\WeakEnemy.h">
      <Filter>Classes\Objects\Character\Enemy</Filter>
    </ClInclude>
    <ClInclude Include="Classes\Objects\Sword\Sword.h">
      <Filter>Classes\Objects\Sword</Filter>
    </ClInclude>
    <ClInclude Include="Classes\Objects\Character\Player\Player.h">
      <Filter>Classes\Objects\Character\Player</Filter>
    </ClInclude>
    <ClInclude Include="Classes\State\AttackingState.h">
      <Filter>Classes\State</Filter>
    </ClInclude>
    <ClInclude Include="Classes\State\StandingState.h">
      <Filter>Classes\State</Filter>
    </ClInclude>
    <ClInclude Include="Classes\State\State.h">
      <Filter>Classes\State</Filter>
    </ClInclude>
    <ClInclude Include="Classes\Composite\INode.h">
      <Filter>Classes\Composite</Filter>
    </ClInclude>
    <ClInclude Include="Classes\Objects\Character\Player\PlayerParts\PlayerBody.h">
      <Filter>Classes\Objects\Character\Player\PlayerParts</Filter>
    </ClInclude>
    <ClInclude Include="Classes\Objects\Character\Player\PlayerParts\PlayerHead.h">
      <Filter>Classes\Objects\Character\Player\PlayerParts</Filter>
    </ClInclude>
    <ClInclude Include="Classes\Objects\Character\Player\PlayerParts\PlayerLeftCalf.h">
      <Filter>Classes\Objects\Character\Player\PlayerParts</Filter>
    </ClInclude>
    <ClInclude Include="Classes\Objects\Character\Player\PlayerParts\PlayerLeftFoot.h">
      <Filter>Classes\Objects\Character\Player\PlayerParts</Filter>
    </ClInclude>
    <ClInclude Include="Classes\Objects\Character\Player\PlayerParts\PlayerLeftForeArm.h">
      <Filter>Classes\Objects\Character\Player\PlayerParts</Filter>
    </ClInclude>
    <ClInclude Include="Classes\Objects\Character\Player\PlayerParts\PlayerLeftHand.h">
      <Filter>Classes\Objects\Character\Player\PlayerParts</Filter>
    </ClInclude>
    <ClInclude Include="Classes\Objects\Character\Player\PlayerParts\PlayerLeftThigh.h">
      <Filter>Classes\Objects\Character\Player\PlayerParts</Filter>
    </ClInclude>
    <ClInclude Include="Classes\Objects\Character\Player\PlayerParts\PlayerLeftUpperArm.h">
      <Filter>Classes\Objects\Character\Player\PlayerParts</Filter>
    </ClInclude>
    <ClInclude Include="Classes\Objects\Character\Player\PlayerParts\PlayerRightCalf.h">
      <Filter>Classes\Objects\Character\Player\PlayerParts</Filter>
    </ClInclude>
    <ClInclude Include="Classes\Objects\Character\Player\PlayerParts\PlayerRightFoot.h">
      <Filter>Classes\Objects\Character\Player\PlayerParts</Filter>
    </ClInclude>
    <ClInclude Include="Classes\Objects\Character\Player\PlayerParts\PlayerRightForeArm.h">
      <Filter>Classes\Objects\Character\Player\PlayerParts</Filter>
    </ClInclude>
    <ClInclude Include="Classes\Objects\Character\Player\PlayerParts\PlayerRightHand.h">
      <Filter>Classes\Objects\Character\Player\PlayerParts</Filter>
    </ClInclude>
    <ClInclude Include="Classes\Objects\Character\Player\PlayerParts\PlayerRightThigh.h">
      <Filter>Classes\Objects\Character\Player\PlayerParts</Filter>
    </ClInclude>
    <ClInclude Include="Classes\Objects\Character\Player\PlayerParts\PlayerRightUpperArm.h">
      <Filter>Classes\Objects\Character\Player\PlayerParts</Filter>
    </ClInclude>
    <ClInclude Include="Classes\Factory\PlayerPartsFactory.h">
      <Filter>Classes\Factory</Filter>
    </ClInclude>
    <ClInclude Include="Classes\Factory\EnemyFactory.h">
      <Filter>Classes\Factory</Filter>
    </ClInclude>
    <ClInclude Include="Classes\Camera\FollowCamera.h">
      <Filter>Classes\Camera</Filter>
    </ClInclude>
  </ItemGroup>
  <ItemGroup>
    <MeshContentTask Include="Assets\FBX\fellguard.FBX">
      <Filter>Assets\FBX</Filter>
    </MeshContentTask>
    <MeshContentTask Include="Assets\FBX\floor.FBX">
      <Filter>Assets\FBX</Filter>
    </MeshContentTask>
    <MeshContentTask Include="Assets\FBX\skydome.FBX">
      <Filter>Assets\FBX</Filter>
    </MeshContentTask>
    <MeshContentTask Include="Assets\FBX\wall.FBX">
      <Filter>Assets\FBX</Filter>
    </MeshContentTask>
    <MeshContentTask Include="Assets\FBX\Knight\KnightBody.FBX">
      <Filter>Assets\FBX\Player</Filter>
    </MeshContentTask>
    <MeshContentTask Include="Assets\FBX\Knight\KnightHead.FBX">
      <Filter>Assets\FBX\Player</Filter>
    </MeshContentTask>
    <MeshContentTask Include="Assets\FBX\Knight\KnightLeftCalf.FBX">
      <Filter>Assets\FBX\Player</Filter>
    </MeshContentTask>
    <MeshContentTask Include="Assets\FBX\Knight\KnightLeftFoot.FBX">
      <Filter>Assets\FBX\Player</Filter>
    </MeshContentTask>
    <MeshContentTask Include="Assets\FBX\Knight\KnightLeftForeArm.FBX">
      <Filter>Assets\FBX\Player</Filter>
    </MeshContentTask>
    <MeshContentTask Include="Assets\FBX\Knight\KnightLeftHand.FBX">
      <Filter>Assets\FBX\Player</Filter>
    </MeshContentTask>
    <MeshContentTask Include="Assets\FBX\Knight\KnightLeftThigh.FBX">
      <Filter>Assets\FBX\Player</Filter>
    </MeshContentTask>
    <MeshContentTask Include="Assets\FBX\Knight\KnightLeftUpperArm.FBX">
      <Filter>Assets\FBX\Player</Filter>
    </MeshContentTask>
    <MeshContentTask Include="Assets\FBX\Knight\KnightRightCalf.FBX">
      <Filter>Assets\FBX\Player</Filter>
    </MeshContentTask>
    <MeshContentTask Include="Assets\FBX\Knight\KnightRightFoot.FBX">
      <Filter>Assets\FBX\Player</Filter>
    </MeshContentTask>
    <MeshContentTask Include="Assets\FBX\Knight\KnightRightForeArm.FBX">
      <Filter>Assets\FBX\Player</Filter>
    </MeshContentTask>
    <MeshContentTask Include="Assets\FBX\Knight\KnightRightHand.FBX">
      <Filter>Assets\FBX\Player</Filter>
    </MeshContentTask>
    <MeshContentTask Include="Assets\FBX\Knight\KnightRightThigh.FBX">
      <Filter>Assets\FBX\Player</Filter>
    </MeshContentTask>
    <MeshContentTask Include="Assets\FBX\Knight\KnightRightUpperArm.FBX">
      <Filter>Assets\FBX\Player</Filter>
    </MeshContentTask>
    <MeshContentTask Include="Assets\FBX\Knight\KnightSword.FBX">
      <Filter>Assets\FBX\Player</Filter>
    </MeshContentTask>
  </ItemGroup>
  <ItemGroup>
    <None Include="Assets\Shaders\Particle.hlsli">
      <Filter>Assets\Shader</Filter>
    </None>
  </ItemGroup>
  <ItemGroup>
    <FxCompile Include="Assets\Shaders\ParticleGS.hlsl">
      <Filter>Assets\Shader</Filter>
    </FxCompile>
    <FxCompile Include="Assets\Shaders\ParticlePS.hlsl">
      <Filter>Assets\Shader</Filter>
    </FxCompile>
    <FxCompile Include="Assets\Shaders\ParticleVS.hlsl">
      <Filter>Assets\Shader</Filter>
    </FxCompile>
  </ItemGroup>
</Project>